{
  "name": "sustainability-solutions",
  "lockfileVersion": 2,
  "requires": true,
  "packages": {
    "": {
      "dependencies": {
        "bootstrap": "^4.6.1",
        "react-bootstrap": "^0.32.4"
      }
    },
    "node_modules/@babel/runtime": {
      "version": "7.16.3",
      "resolved": "https://registry.npmjs.org/@babel/runtime/-/runtime-7.16.3.tgz",
      "integrity": "sha512-WBwekcqacdY2e9AF/Q7WLFUWmdJGJTkbjqTjoMDgXkVZ3ZRUvOPsLb5KdwISoQVsbP+DQzVZW4Zhci0DvpbNTQ==",
      "dependencies": {
        "regenerator-runtime": "^0.13.4"
      },
      "engines": {
        "node": ">=6.9.0"
      }
    },
    "node_modules/@babel/runtime-corejs2": {
      "version": "7.16.3",
      "resolved": "https://registry.npmjs.org/@babel/runtime-corejs2/-/runtime-corejs2-7.16.3.tgz",
      "integrity": "sha512-VrmNH31CEUoR7kIel005qFMVUJpJm1VxfM7YUzVVc2jrxHCi/I6lBEJuqAcP9u9nEzmTD2RnSPhzfdupcSbnPQ==",
      "dependencies": {
        "core-js": "^2.6.5",
        "regenerator-runtime": "^0.13.4"
      },
      "engines": {
        "node": ">=6.9.0"
      }
    },
    "node_modules/bootstrap": {
      "version": "4.6.1",
      "resolved": "https://registry.npmjs.org/bootstrap/-/bootstrap-4.6.1.tgz",
      "integrity": "sha512-0dj+VgI9Ecom+rvvpNZ4MUZJz8dcX7WCX+eTID9+/8HgOkv3dsRzi8BGeZJCQU6flWQVYxwTQnEZFrmJSEO7og==",
      "funding": {
        "type": "opencollective",
        "url": "https://opencollective.com/bootstrap"
      },
      "peerDependencies": {
        "jquery": "1.9.1 - 3",
        "popper.js": "^1.16.1"
      }
    },
    "node_modules/classnames": {
      "version": "2.3.1",
      "resolved": "https://registry.npmjs.org/classnames/-/classnames-2.3.1.tgz",
      "integrity": "sha512-OlQdbZ7gLfGarSqxesMesDa5uz7KFbID8Kpq/SxIoNGDqY8lSYs0D+hhtBXhcdB3rcbXArFr7vlHheLk1voeNA=="
    },
    "node_modules/core-js": {
      "version": "2.6.12",
      "resolved": "https://registry.npmjs.org/core-js/-/core-js-2.6.12.tgz",
      "integrity": "sha512-Kb2wC0fvsWfQrgk8HU5lW6U/Lcs8+9aaYcy4ZFc6DDlo4nZ7n70dEgE5rtR0oG6ufKDUnrwfWL1mXR5ljDatrQ==",
      "deprecated": "core-js@<3.3 is no longer maintained and not recommended for usage due to the number of issues. Because of the V8 engine whims, feature detection in old core-js versions could cause a slowdown up to 100x even if nothing is polyfilled. Please, upgrade your dependencies to the actual version of core-js.",
      "hasInstallScript": true
    },
    "node_modules/dom-helpers": {
      "version": "3.4.0",
      "resolved": "https://registry.npmjs.org/dom-helpers/-/dom-helpers-3.4.0.tgz",
      "integrity": "sha512-LnuPJ+dwqKDIyotW1VzmOZ5TONUN7CwkCR5hrgawTUbkBGYdeoNLZo6nNfGkCrjtE1nXXaj7iMMpDa8/d9WoIA==",
      "dependencies": {
        "@babel/runtime": "^7.1.2"
      }
    },
    "node_modules/invariant": {
      "version": "2.2.4",
      "resolved": "https://registry.npmjs.org/invariant/-/invariant-2.2.4.tgz",
      "integrity": "sha512-phJfQVBuaJM5raOpJjSfkiD6BpbCE4Ns//LaXl6wGYtUBY83nWS6Rf9tXm2e8VaK60JEjYldbPif/A2B1C2gNA==",
      "dependencies": {
        "loose-envify": "^1.0.0"
      }
    },
    "node_modules/jquery": {
      "version": "3.6.0",
      "resolved": "https://registry.npmjs.org/jquery/-/jquery-3.6.0.tgz",
      "integrity": "sha512-JVzAR/AjBvVt2BmYhxRCSYysDsPcssdmTFnzyLEts9qNwmjmu4JTAMYubEfwVOSwpQ1I1sKKFcxhZCI2buerfw==",
      "peer": true
    },
    "node_modules/js-tokens": {
      "version": "4.0.0",
      "resolved": "https://registry.npmjs.org/js-tokens/-/js-tokens-4.0.0.tgz",
      "integrity": "sha512-RdJUflcE3cUzKiMqQgsCu06FPu9UdIJO0beYbPhHN4k6apgJtifcoCtT9bcxOpYBtpD2kCM6Sbzg4CausW/PKQ=="
    },
    "node_modules/keycode": {
      "version": "2.2.0",
      "resolved": "https://registry.npmjs.org/keycode/-/keycode-2.2.0.tgz",
      "integrity": "sha1-PQr1bce4uOXLqNCpfxByBO7CKwQ="
    },
    "node_modules/loose-envify": {
      "version": "1.4.0",
      "resolved": "https://registry.npmjs.org/loose-envify/-/loose-envify-1.4.0.tgz",
      "integrity": "sha512-lyuxPGr/Wfhrlem2CL/UcnUc1zcqKAImBDzukY7Y5F/yQiNdko6+fRLevlw1HgMySw7f611UIY408EtxRSoK3Q==",
      "dependencies": {
        "js-tokens": "^3.0.0 || ^4.0.0"
      },
      "bin": {
        "loose-envify": "cli.js"
      }
    },
    "node_modules/object-assign": {
      "version": "4.1.1",
      "resolved": "https://registry.npmjs.org/object-assign/-/object-assign-4.1.1.tgz",
      "integrity": "sha1-IQmtx5ZYh8/AXLvUQsrIv7s2CGM=",
      "engines": {
        "node": ">=0.10.0"
      }
    },
    "node_modules/popper.js": {
      "version": "1.16.1",
      "resolved": "https://registry.npmjs.org/popper.js/-/popper.js-1.16.1.tgz",
      "integrity": "sha512-Wb4p1J4zyFTbM+u6WuO4XstYx4Ky9Cewe4DWrel7B0w6VVICvPwdOpotjzcf6eD8TsckVnIMNONQyPIUFOUbCQ==",
      "deprecated": "You can find the new Popper v2 at @popperjs/core, this package is dedicated to the legacy v1",
      "peer": true,
      "funding": {
        "type": "opencollective",
        "url": "https://opencollective.com/popperjs"
      }
    },
    "node_modules/prop-types": {
      "version": "15.7.2",
      "resolved": "https://registry.npmjs.org/prop-types/-/prop-types-15.7.2.tgz",
      "integrity": "sha512-8QQikdH7//R2vurIJSutZ1smHYTcLpRWEOlHnzcWHmBYrOGUysKwSsrC89BCiFj3CbrfJ/nXFdJepOVrY1GCHQ==",
      "dependencies": {
        "loose-envify": "^1.4.0",
        "object-assign": "^4.1.1",
        "react-is": "^16.8.1"
      }
    },
    "node_modules/prop-types-extra": {
      "version": "1.1.1",
      "resolved": "https://registry.npmjs.org/prop-types-extra/-/prop-types-extra-1.1.1.tgz",
      "integrity": "sha512-59+AHNnHYCdiC+vMwY52WmvP5dM3QLeoumYuEyceQDi9aEhtwN9zIQ2ZNo25sMyXnbh32h+P1ezDsUpUH3JAew==",
      "dependencies": {
        "react-is": "^16.3.2",
        "warning": "^4.0.0"
      },
      "peerDependencies": {
        "react": ">=0.14.0"
      }
    },
    "node_modules/prop-types-extra/node_modules/warning": {
      "version": "4.0.3",
      "resolved": "https://registry.npmjs.org/warning/-/warning-4.0.3.tgz",
      "integrity": "sha512-rpJyN222KWIvHJ/F53XSZv0Zl/accqHR8et1kpaMTD/fLCRxtV8iX8czMzY7sVZupTI3zcUTg8eycS2kNF9l6w==",
      "dependencies": {
        "loose-envify": "^1.0.0"
      }
    },
    "node_modules/react": {
      "version": "17.0.2",
      "resolved": "https://registry.npmjs.org/react/-/react-17.0.2.tgz",
      "integrity": "sha512-gnhPt75i/dq/z3/6q/0asP78D0u592D5L1pd7M8P+dck6Fu/jJeL6iVVK23fptSUZj8Vjf++7wXA8UNclGQcbA==",
      "peer": true,
      "dependencies": {
        "loose-envify": "^1.1.0",
        "object-assign": "^4.1.1"
      },
      "engines": {
        "node": ">=0.10.0"
      }
    },
    "node_modules/react-bootstrap": {
      "version": "0.32.4",
      "resolved": "https://registry.npmjs.org/react-bootstrap/-/react-bootstrap-0.32.4.tgz",
      "integrity": "sha512-xj+JfaPOvnvr3ow0aHC7Y3HaBKZNR1mm361hVxVzVX3fcdJNIrfiodbQ0m9nLBpNxiKG6FTU2lq/SbTDYT2vew==",
      "dependencies": {
        "@babel/runtime-corejs2": "^7.0.0",
        "classnames": "^2.2.5",
        "dom-helpers": "^3.2.0",
        "invariant": "^2.2.4",
        "keycode": "^2.2.0",
        "prop-types": "^15.6.1",
        "prop-types-extra": "^1.0.1",
        "react-overlays": "^0.8.0",
        "react-prop-types": "^0.4.0",
        "react-transition-group": "^2.0.0",
        "uncontrollable": "^5.0.0",
        "warning": "^3.0.0"
      },
      "peerDependencies": {
        "react": "^0.14.9 || >=15.3.0",
        "react-dom": "^0.14.9 || >=15.3.0"
      }
    },
    "node_modules/react-dom": {
      "version": "17.0.2",
      "resolved": "https://registry.npmjs.org/react-dom/-/react-dom-17.0.2.tgz",
      "integrity": "sha512-s4h96KtLDUQlsENhMn1ar8t2bEa+q/YAtj8pPPdIjPDGBDIVNsrD9aXNWqspUe6AzKCIG0C1HZZLqLV7qpOBGA==",
      "peer": true,
      "dependencies": {
        "loose-envify": "^1.1.0",
        "object-assign": "^4.1.1",
        "scheduler": "^0.20.2"
      },
      "peerDependencies": {
        "react": "17.0.2"
      }
    },
    "node_modules/react-is": {
      "version": "16.13.1",
      "resolved": "https://registry.npmjs.org/react-is/-/react-is-16.13.1.tgz",
      "integrity": "sha512-24e6ynE2H+OKt4kqsOvNd8kBpV65zoxbA4BVsEOB3ARVWQki/DHzaUoC5KuON/BiccDaCCTZBuOcfZs70kR8bQ=="
    },
    "node_modules/react-lifecycles-compat": {
      "version": "3.0.4",
      "resolved": "https://registry.npmjs.org/react-lifecycles-compat/-/react-lifecycles-compat-3.0.4.tgz",
      "integrity": "sha512-fBASbA6LnOU9dOU2eW7aQ8xmYBSXUIWr+UmF9b1efZBazGNO+rcXT/icdKnYm2pTwcRylVUYwW7H1PHfLekVzA=="
    },
    "node_modules/react-overlays": {
      "version": "0.8.3",
      "resolved": "https://registry.npmjs.org/react-overlays/-/react-overlays-0.8.3.tgz",
      "integrity": "sha512-h6GT3jgy90PgctleP39Yu3eK1v9vaJAW73GOA/UbN9dJ7aAN4BTZD6793eI1D5U+ukMk17qiqN/wl3diK1Z5LA==",
      "dependencies": {
        "classnames": "^2.2.5",
        "dom-helpers": "^3.2.1",
        "prop-types": "^15.5.10",
        "prop-types-extra": "^1.0.1",
        "react-transition-group": "^2.2.0",
        "warning": "^3.0.0"
      },
      "peerDependencies": {
        "react": "^0.14.9 || >=15.3.0",
        "react-dom": "^0.14.9 || >=15.3.0"
      }
    },
    "node_modules/react-prop-types": {
      "version": "0.4.0",
      "resolved": "https://registry.npmjs.org/react-prop-types/-/react-prop-types-0.4.0.tgz",
      "integrity": "sha1-+ZsL+0AGkpya8gUefBQUpcdbk9A=",
      "dependencies": {
        "warning": "^3.0.0"
      },
      "peerDependencies": {
        "react": ">=0.14.0"
      }
    },
    "node_modules/react-transition-group": {
      "version": "2.9.0",
      "resolved": "https://registry.npmjs.org/react-transition-group/-/react-transition-group-2.9.0.tgz",
      "integrity": "sha512-+HzNTCHpeQyl4MJ/bdE0u6XRMe9+XG/+aL4mCxVN4DnPBQ0/5bfHWPDuOZUzYdMj94daZaZdCCc1Dzt9R/xSSg==",
      "dependencies": {
        "dom-helpers": "^3.4.0",
        "loose-envify": "^1.4.0",
        "prop-types": "^15.6.2",
        "react-lifecycles-compat": "^3.0.4"
      },
      "peerDependencies": {
        "react": ">=15.0.0",
        "react-dom": ">=15.0.0"
      }
    },
    "node_modules/regenerator-runtime": {
      "version": "0.13.9",
      "resolved": "https://registry.npmjs.org/regenerator-runtime/-/regenerator-runtime-0.13.9.tgz",
      "integrity": "sha512-p3VT+cOEgxFsRRA9X4lkI1E+k2/CtnKtU4gcxyaCUreilL/vqI6CdZ3wxVUx3UOUg+gnUOQQcRI7BmSI656MYA=="
    },
    "node_modules/scheduler": {
      "version": "0.20.2",
      "resolved": "https://registry.npmjs.org/scheduler/-/scheduler-0.20.2.tgz",
      "integrity": "sha512-2eWfGgAqqWFGqtdMmcL5zCMK1U8KlXv8SQFGglL3CEtd0aDVDWgeF/YoCmvln55m5zSk3J/20hTaSBeSObsQDQ==",
      "peer": true,
      "dependencies": {
        "loose-envify": "^1.1.0",
        "object-assign": "^4.1.1"
      }
    },
    "node_modules/uncontrollable": {
      "version": "5.1.0",
      "resolved": "https://registry.npmjs.org/uncontrollable/-/uncontrollable-5.1.0.tgz",
      "integrity": "sha512-5FXYaFANKaafg4IVZXUNtGyzsnYEvqlr9wQ3WpZxFpEUxl29A3H6Q4G1Dnnorvq9TGOGATBApWR4YpLAh+F5hw==",
      "dependencies": {
        "invariant": "^2.2.4"
      },
      "peerDependencies": {
        "react": ">=15.0.0"
      }
    },
    "node_modules/warning": {
      "version": "3.0.0",
      "resolved": "https://registry.npmjs.org/warning/-/warning-3.0.0.tgz",
      "integrity": "sha1-MuU3fLVy3kqwR1O9+IIcAe1gW3w=",
      "dependencies": {
        "loose-envify": "^1.0.0"
      }
    }
  },
  "dependencies": {
    "@babel/runtime": {
      "version": "7.16.3",
      "resolved": "https://registry.npmjs.org/@babel/runtime/-/runtime-7.16.3.tgz",
      "integrity": "sha512-WBwekcqacdY2e9AF/Q7WLFUWmdJGJTkbjqTjoMDgXkVZ3ZRUvOPsLb5KdwISoQVsbP+DQzVZW4Zhci0DvpbNTQ==",
      "requires": {
        "regenerator-runtime": "^0.13.4"
      }
    },
    "@babel/runtime-corejs2": {
      "version": "7.16.3",
      "resolved": "https://registry.npmjs.org/@babel/runtime-corejs2/-/runtime-corejs2-7.16.3.tgz",
      "integrity": "sha512-VrmNH31CEUoR7kIel005qFMVUJpJm1VxfM7YUzVVc2jrxHCi/I6lBEJuqAcP9u9nEzmTD2RnSPhzfdupcSbnPQ==",
      "requires": {
        "core-js": "^2.6.5",
        "regenerator-runtime": "^0.13.4"
      }
    },
    "bootstrap": {
      "version": "4.6.1",
      "resolved": "https://registry.npmjs.org/bootstrap/-/bootstrap-4.6.1.tgz",
      "integrity": "sha512-0dj+VgI9Ecom+rvvpNZ4MUZJz8dcX7WCX+eTID9+/8HgOkv3dsRzi8BGeZJCQU6flWQVYxwTQnEZFrmJSEO7og==",
      "requires": {}
    },
    "classnames": {
      "version": "2.3.1",
      "resolved": "https://registry.npmjs.org/classnames/-/classnames-2.3.1.tgz",
      "integrity": "sha512-OlQdbZ7gLfGarSqxesMesDa5uz7KFbID8Kpq/SxIoNGDqY8lSYs0D+hhtBXhcdB3rcbXArFr7vlHheLk1voeNA=="
    },
    "core-js": {
      "version": "2.6.12",
      "resolved": "https://registry.npmjs.org/core-js/-/core-js-2.6.12.tgz",
      "integrity": "sha512-Kb2wC0fvsWfQrgk8HU5lW6U/Lcs8+9aaYcy4ZFc6DDlo4nZ7n70dEgE5rtR0oG6ufKDUnrwfWL1mXR5ljDatrQ=="
    },
    "dom-helpers": {
      "version": "3.4.0",
      "resolved": "https://registry.npmjs.org/dom-helpers/-/dom-helpers-3.4.0.tgz",
      "integrity": "sha512-LnuPJ+dwqKDIyotW1VzmOZ5TONUN7CwkCR5hrgawTUbkBGYdeoNLZo6nNfGkCrjtE1nXXaj7iMMpDa8/d9WoIA==",
      "requires": {
        "@babel/runtime": "^7.1.2"
      }
    },
    "invariant": {
      "version": "2.2.4",
      "resolved": "https://registry.npmjs.org/invariant/-/invariant-2.2.4.tgz",
      "integrity": "sha512-phJfQVBuaJM5raOpJjSfkiD6BpbCE4Ns//LaXl6wGYtUBY83nWS6Rf9tXm2e8VaK60JEjYldbPif/A2B1C2gNA==",
      "requires": {
        "loose-envify": "^1.0.0"
      }
    },
    "jquery": {
      "version": "3.6.0",
      "resolved": "https://registry.npmjs.org/jquery/-/jquery-3.6.0.tgz",
      "integrity": "sha512-JVzAR/AjBvVt2BmYhxRCSYysDsPcssdmTFnzyLEts9qNwmjmu4JTAMYubEfwVOSwpQ1I1sKKFcxhZCI2buerfw==",
      "peer": true
    },
    "js-tokens": {
      "version": "4.0.0",
      "resolved": "https://registry.npmjs.org/js-tokens/-/js-tokens-4.0.0.tgz",
      "integrity": "sha512-RdJUflcE3cUzKiMqQgsCu06FPu9UdIJO0beYbPhHN4k6apgJtifcoCtT9bcxOpYBtpD2kCM6Sbzg4CausW/PKQ=="
    },
    "keycode": {
      "version": "2.2.0",
      "resolved": "https://registry.npmjs.org/keycode/-/keycode-2.2.0.tgz",
      "integrity": "sha1-PQr1bce4uOXLqNCpfxByBO7CKwQ="
    },
    "loose-envify": {
      "version": "1.4.0",
      "resolved": "https://registry.npmjs.org/loose-envify/-/loose-envify-1.4.0.tgz",
      "integrity": "sha512-lyuxPGr/Wfhrlem2CL/UcnUc1zcqKAImBDzukY7Y5F/yQiNdko6+fRLevlw1HgMySw7f611UIY408EtxRSoK3Q==",
      "requires": {
        "js-tokens": "^3.0.0 || ^4.0.0"
      }
    },
    "object-assign": {
      "version": "4.1.1",
      "resolved": "https://registry.npmjs.org/object-assign/-/object-assign-4.1.1.tgz",
      "integrity": "sha1-IQmtx5ZYh8/AXLvUQsrIv7s2CGM="
    },
    "popper.js": {
      "version": "1.16.1",
      "resolved": "https://registry.npmjs.org/popper.js/-/popper.js-1.16.1.tgz",
      "integrity": "sha512-Wb4p1J4zyFTbM+u6WuO4XstYx4Ky9Cewe4DWrel7B0w6VVICvPwdOpotjzcf6eD8TsckVnIMNONQyPIUFOUbCQ==",
      "peer": true
    },
    "prop-types": {
      "version": "15.7.2",
      "resolved": "https://registry.npmjs.org/prop-types/-/prop-types-15.7.2.tgz",
      "integrity": "sha512-8QQikdH7//R2vurIJSutZ1smHYTcLpRWEOlHnzcWHmBYrOGUysKwSsrC89BCiFj3CbrfJ/nXFdJepOVrY1GCHQ==",
      "requires": {
        "loose-envify": "^1.4.0",
        "object-assign": "^4.1.1",
        "react-is": "^16.8.1"
      }
    },
    "prop-types-extra": {
      "version": "1.1.1",
      "resolved": "https://registry.npmjs.org/prop-types-extra/-/prop-types-extra-1.1.1.tgz",
      "integrity": "sha512-59+AHNnHYCdiC+vMwY52WmvP5dM3QLeoumYuEyceQDi9aEhtwN9zIQ2ZNo25sMyXnbh32h+P1ezDsUpUH3JAew==",
      "requires": {
        "react-is": "^16.3.2",
        "warning": "^4.0.0"
      },
      "dependencies": {
        "warning": {
          "version": "4.0.3",
          "resolved": "https://registry.npmjs.org/warning/-/warning-4.0.3.tgz",
          "integrity": "sha512-rpJyN222KWIvHJ/F53XSZv0Zl/accqHR8et1kpaMTD/fLCRxtV8iX8czMzY7sVZupTI3zcUTg8eycS2kNF9l6w==",
          "requires": {
            "loose-envify": "^1.0.0"
          }
        }
      }
    },
    "react": {
      "version": "17.0.2",
      "resolved": "https://registry.npmjs.org/react/-/react-17.0.2.tgz",
      "integrity": "sha512-gnhPt75i/dq/z3/6q/0asP78D0u592D5L1pd7M8P+dck6Fu/jJeL6iVVK23fptSUZj8Vjf++7wXA8UNclGQcbA==",
      "peer": true,
      "requires": {
        "loose-envify": "^1.1.0",
        "object-assign": "^4.1.1"
      }
    },
    "react-bootstrap": {
      "version": "0.32.4",
      "resolved": "https://registry.npmjs.org/react-bootstrap/-/react-bootstrap-0.32.4.tgz",
      "integrity": "sha512-xj+JfaPOvnvr3ow0aHC7Y3HaBKZNR1mm361hVxVzVX3fcdJNIrfiodbQ0m9nLBpNxiKG6FTU2lq/SbTDYT2vew==",
      "requires": {
        "@babel/runtime-corejs2": "^7.0.0",
        "classnames": "^2.2.5",
        "dom-helpers": "^3.2.0",
        "invariant": "^2.2.4",
        "keycode": "^2.2.0",
        "prop-types": "^15.6.1",
        "prop-types-extra": "^1.0.1",
        "react-overlays": "^0.8.0",
        "react-prop-types": "^0.4.0",
        "react-transition-group": "^2.0.0",
        "uncontrollable": "^5.0.0",
        "warning": "^3.0.0"
      }
    },
    "react-dom": {
      "version": "17.0.2",
      "resolved": "https://registry.npmjs.org/react-dom/-/react-dom-17.0.2.tgz",
      "integrity": "sha512-s4h96KtLDUQlsENhMn1ar8t2bEa+q/YAtj8pPPdIjPDGBDIVNsrD9aXNWqspUe6AzKCIG0C1HZZLqLV7qpOBGA==",
      "peer": true,
      "requires": {
        "loose-envify": "^1.1.0",
        "object-assign": "^4.1.1",
        "scheduler": "^0.20.2"
      }
    },
    "react-is": {
      "version": "16.13.1",
      "resolved": "https://registry.npmjs.org/react-is/-/react-is-16.13.1.tgz",
      "integrity": "sha512-24e6ynE2H+OKt4kqsOvNd8kBpV65zoxbA4BVsEOB3ARVWQki/DHzaUoC5KuON/BiccDaCCTZBuOcfZs70kR8bQ=="
    },
    "react-lifecycles-compat": {
      "version": "3.0.4",
      "resolved": "https://registry.npmjs.org/react-lifecycles-compat/-/react-lifecycles-compat-3.0.4.tgz",
      "integrity": "sha512-fBASbA6LnOU9dOU2eW7aQ8xmYBSXUIWr+UmF9b1efZBazGNO+rcXT/icdKnYm2pTwcRylVUYwW7H1PHfLekVzA=="
    },
    "react-overlays": {
      "version": "0.8.3",
      "resolved": "https://registry.npmjs.org/react-overlays/-/react-overlays-0.8.3.tgz",
      "integrity": "sha512-h6GT3jgy90PgctleP39Yu3eK1v9vaJAW73GOA/UbN9dJ7aAN4BTZD6793eI1D5U+ukMk17qiqN/wl3diK1Z5LA==",
      "requires": {
        "classnames": "^2.2.5",
        "dom-helpers": "^3.2.1",
        "prop-types": "^15.5.10",
        "prop-types-extra": "^1.0.1",
        "react-transition-group": "^2.2.0",
        "warning": "^3.0.0"
      }
    },
    "react-prop-types": {
      "version": "0.4.0",
      "resolved": "https://registry.npmjs.org/react-prop-types/-/react-prop-types-0.4.0.tgz",
      "integrity": "sha1-+ZsL+0AGkpya8gUefBQUpcdbk9A=",
      "requires": {
        "warning": "^3.0.0"
      }
    },
    "react-transition-group": {
      "version": "2.9.0",
      "resolved": "https://registry.npmjs.org/react-transition-group/-/react-transition-group-2.9.0.tgz",
      "integrity": "sha512-+HzNTCHpeQyl4MJ/bdE0u6XRMe9+XG/+aL4mCxVN4DnPBQ0/5bfHWPDuOZUzYdMj94daZaZdCCc1Dzt9R/xSSg==",
      "requires": {
        "dom-helpers": "^3.4.0",
        "loose-envify": "^1.4.0",
        "prop-types": "^15.6.2",
        "react-lifecycles-compat": "^3.0.4"
      }
    },
    "regenerator-runtime": {
      "version": "0.13.9",
      "resolved": "https://registry.npmjs.org/regenerator-runtime/-/regenerator-runtime-0.13.9.tgz",
      "integrity": "sha512-p3VT+cOEgxFsRRA9X4lkI1E+k2/CtnKtU4gcxyaCUreilL/vqI6CdZ3wxVUx3UOUg+gnUOQQcRI7BmSI656MYA=="
    },
    "scheduler": {
      "version": "0.20.2",
      "resolved": "https://registry.npmjs.org/scheduler/-/scheduler-0.20.2.tgz",
      "integrity": "sha512-2eWfGgAqqWFGqtdMmcL5zCMK1U8KlXv8SQFGglL3CEtd0aDVDWgeF/YoCmvln55m5zSk3J/20hTaSBeSObsQDQ==",
      "peer": true,
      "requires": {
        "loose-envify": "^1.1.0",
        "object-assign": "^4.1.1"
      }
    },
    "uncontrollable": {
      "version": "5.1.0",
      "resolved": "https://registry.npmjs.org/uncontrollable/-/uncontrollable-5.1.0.tgz",
      "integrity": "sha512-5FXYaFANKaafg4IVZXUNtGyzsnYEvqlr9wQ3WpZxFpEUxl29A3H6Q4G1Dnnorvq9TGOGATBApWR4YpLAh+F5hw==",
      "requires": {
        "invariant": "^2.2.4"
      }
    },
    "warning": {
      "version": "3.0.0",
      "resolved": "https://registry.npmjs.org/warning/-/warning-3.0.0.tgz",
      "integrity": "sha1-MuU3fLVy3kqwR1O9+IIcAe1gW3w=",
      "requires": {
        "loose-envify": "^1.0.0"
      }
    }
  }
}
